
Microsoft Visual Studio Solution File, Format Version 12.00
# Visual Studio 15
VisualStudioVersion = 15.0.28307.102
MinimumVisualStudioVersion = 10.0.40219.1
Project("{FAE04EC0-301F-11D3-BF4B-00C04F79EFBC}") = "test-application", "test-application\test-application.csproj", "{169D9A49-6F33-4435-97BD-0E7B5E7859CC}"
EndProject
Global
	GlobalSection(SolutionConfigurationPlatforms) = preSolution
		Debug|Any CPU = Debug|Any CPU
		Release|Any CPU = Release|Any CPU
	EndGlobalSection
	GlobalSection(ProjectConfigurationPlatforms) = postSolution
		{169D9A49-6F33-4435-97BD-0E7B5E7859CC}.Debug|Any CPU.ActiveCfg = Debug|Any CPU
		{169D9A49-6F33-4435-97BD-0E7B5E7859CC}.Debug|Any CPU.Build.0 = Debug|Any CPU
		{169D9A49-6F33-4435-97BD-0E7B5E7859CC}.Release|Any CPU.ActiveCfg = Release|Any CPU
		{169D9A49-6F33-4435-97BD-0E7B5E7859CC}.Release|Any CPU.Build.0 = Release|Any CPU
	EndGlobalSection
	GlobalSection(SolutionProperties) = preSolution
		HideSolutionNode = FALSE
	EndGlobalSection
	GlobalSection(ExtensibilityGlobals) = postSolution
		SolutionGuid = {59C2446C-10A5-4865-9F6C-36D403169E1D}
	EndGlobalSection
EndGlobal
